
Microsoft Visual Studio Solution File, Format Version 12.00
# Visual Studio Version 17
VisualStudioVersion = 17.9.34723.18
MinimumVisualStudioVersion = 10.0.40219.1
Project("{FAE04EC0-301F-11D3-BF4B-00C04F79EFBC}") = "Xbim4GH", "Xbim4GH\Xbim4GH.csproj", "{5DAA7875-2285-4ACB-A8F0-88EA7511A3A4}"
EndProject
Global
	GlobalSection(SolutionConfigurationPlatforms) = preSolution
		Debug|Any CPU = Debug|Any CPU
		Release|Any CPU = Release|Any CPU
	EndGlobalSection
	GlobalSection(ProjectConfigurationPlatforms) = postSolution
		{5DAA7875-2285-4ACB-A8F0-88EA7511A3A4}.Debug|Any CPU.ActiveCfg = Debug|Any CPU
		{5DAA7875-2285-4ACB-A8F0-88EA7511A3A4}.Debug|Any CPU.Build.0 = Debug|Any CPU
		{5DAA7875-2285-4ACB-A8F0-88EA7511A3A4}.Release|Any CPU.ActiveCfg = Release|Any CPU
		{5DAA7875-2285-4ACB-A8F0-88EA7511A3A4}.Release|Any CPU.Build.0 = Release|Any CPU
	EndGlobalSection
	GlobalSection(SolutionProperties) = preSolution
		HideSolutionNode = FALSE
	EndGlobalSection
	GlobalSection(ExtensibilityGlobals) = postSolution
		SolutionGuid = {3FA844D8-032B-4822-8651-18BEA3B1B2D4}
	EndGlobalSection
EndGlobal
